
Microsoft Visual Studio Solution File, Format Version 12.00
# Visual Studio Version 17
VisualStudioVersion = 17.0.31903.59
MinimumVisualStudioVersion = 10.0.40219.1
Project("{2150E333-8FDC-42A3-9474-1A3956D46DE8}") = "Solution Items", "Solution Items", "{93BD6F75-CECC-4A34-9B6F-570B24384A87}"
	ProjectSection(SolutionItems) = preProject
		.editorconfig = .editorconfig
		tests\.editorconfig = tests\.editorconfig
		Directory.Build.props = Directory.Build.props
		src\Directory.Build.props = src\Directory.Build.props
		Directory.Packages.props = Directory.Packages.props
	EndProjectSection
EndProject
Project("{9A19103F-16F7-4668-BE54-9A1E7A4F7556}") = "Attribinter.Mappers.Core", "src\Attribinter.Mappers.Core\Attribinter.Mappers.Core.csproj", "{15D1BD6B-AEE2-4E16-A08C-65D57C314562}"
EndProject
Project("{9A19103F-16F7-4668-BE54-9A1E7A4F7556}") = "Attribinter.Mappers.Abstractions", "src\Attribinter.Mappers.Abstractions\Attribinter.Mappers.Abstractions.csproj", "{3175FD3B-04EE-4CF9-A413-CEE0ECF4BF40}"
EndProject
Project("{9A19103F-16F7-4668-BE54-9A1E7A4F7556}") = "Attribinter.Mappers", "src\Attribinter.Mappers\Attribinter.Mappers.csproj", "{1A0C1A56-035D-4DF6-9E72-CF3B89A7ECBE}"
EndProject
Project("{9A19103F-16F7-4668-BE54-9A1E7A4F7556}") = "Attribinter.Mappers.DependencyInjection", "src\Attribinter.Mappers.DependencyInjection\Attribinter.Mappers.DependencyInjection.csproj", "{37A9CC7D-5CF7-4C0D-BBC0-5D41E90F002A}"
EndProject
Project("{9A19103F-16F7-4668-BE54-9A1E7A4F7556}") = "Attribinter.Mappers.IntegrationTests", "tests\integration\Attribinter.Mappers.IntegrationTests\Attribinter.Mappers.IntegrationTests.csproj", "{1BD21C8E-67BD-499A-B5E9-4B2A7AE1A160}"
EndProject
Project("{9A19103F-16F7-4668-BE54-9A1E7A4F7556}") = "Attribinter.Mappers.UnitTests", "tests\unit\Attribinter.Mappers.UnitTests\Attribinter.Mappers.UnitTests.csproj", "{2DEC5127-B590-43C9-A20E-2E18667D25D6}"
EndProject
Global
	GlobalSection(SolutionConfigurationPlatforms) = preSolution
		Debug|Any CPU = Debug|Any CPU
		Release|Any CPU = Release|Any CPU
	EndGlobalSection
	GlobalSection(ProjectConfigurationPlatforms) = postSolution
		{15D1BD6B-AEE2-4E16-A08C-65D57C314562}.Debug|Any CPU.ActiveCfg = Debug|Any CPU
		{15D1BD6B-AEE2-4E16-A08C-65D57C314562}.Debug|Any CPU.Build.0 = Debug|Any CPU
		{15D1BD6B-AEE2-4E16-A08C-65D57C314562}.Release|Any CPU.ActiveCfg = Release|Any CPU
		{15D1BD6B-AEE2-4E16-A08C-65D57C314562}.Release|Any CPU.Build.0 = Release|Any CPU
		{3175FD3B-04EE-4CF9-A413-CEE0ECF4BF40}.Debug|Any CPU.ActiveCfg = Debug|Any CPU
		{3175FD3B-04EE-4CF9-A413-CEE0ECF4BF40}.Debug|Any CPU.Build.0 = Debug|Any CPU
		{3175FD3B-04EE-4CF9-A413-CEE0ECF4BF40}.Release|Any CPU.ActiveCfg = Release|Any CPU
		{3175FD3B-04EE-4CF9-A413-CEE0ECF4BF40}.Release|Any CPU.Build.0 = Release|Any CPU
		{1A0C1A56-035D-4DF6-9E72-CF3B89A7ECBE}.Debug|Any CPU.ActiveCfg = Debug|Any CPU
		{1A0C1A56-035D-4DF6-9E72-CF3B89A7ECBE}.Debug|Any CPU.Build.0 = Debug|Any CPU
		{1A0C1A56-035D-4DF6-9E72-CF3B89A7ECBE}.Release|Any CPU.ActiveCfg = Release|Any CPU
		{1A0C1A56-035D-4DF6-9E72-CF3B89A7ECBE}.Release|Any CPU.Build.0 = Release|Any CPU
		{37A9CC7D-5CF7-4C0D-BBC0-5D41E90F002A}.Debug|Any CPU.ActiveCfg = Debug|Any CPU
		{37A9CC7D-5CF7-4C0D-BBC0-5D41E90F002A}.Debug|Any CPU.Build.0 = Debug|Any CPU
		{37A9CC7D-5CF7-4C0D-BBC0-5D41E90F002A}.Release|Any CPU.ActiveCfg = Release|Any CPU
		{37A9CC7D-5CF7-4C0D-BBC0-5D41E90F002A}.Release|Any CPU.Build.0 = Release|Any CPU
		{1BD21C8E-67BD-499A-B5E9-4B2A7AE1A160}.Debug|Any CPU.ActiveCfg = Debug|Any CPU
		{1BD21C8E-67BD-499A-B5E9-4B2A7AE1A160}.Debug|Any CPU.Build.0 = Debug|Any CPU
		{1BD21C8E-67BD-499A-B5E9-4B2A7AE1A160}.Release|Any CPU.ActiveCfg = Release|Any CPU
		{1BD21C8E-67BD-499A-B5E9-4B2A7AE1A160}.Release|Any CPU.Build.0 = Release|Any CPU
		{2DEC5127-B590-43C9-A20E-2E18667D25D6}.Debug|Any CPU.ActiveCfg = Debug|Any CPU
		{2DEC5127-B590-43C9-A20E-2E18667D25D6}.Debug|Any CPU.Build.0 = Debug|Any CPU
		{2DEC5127-B590-43C9-A20E-2E18667D25D6}.Release|Any CPU.ActiveCfg = Release|Any CPU
		{2DEC5127-B590-43C9-A20E-2E18667D25D6}.Release|Any CPU.Build.0 = Release|Any CPU
	EndGlobalSection
	GlobalSection(SolutionProperties) = preSolution
		HideSolutionNode = FALSE
	EndGlobalSection
	GlobalSection(ExtensibilityGlobals) = postSolution
		SolutionGuid = {A8BF900F-8E8F-47C1-A16F-1AE237548BDF}
	EndGlobalSection
EndGlobal
