
Microsoft Visual Studio Solution File, Format Version 12.00
# Visual Studio Version 17
VisualStudioVersion = 17.0.31903.59
MinimumVisualStudioVersion = 10.0.40219.1
Project("{2150E333-8FDC-42A3-9474-1A3956D46DE8}") = "Solution Items", "Solution Items", "{93BD6F75-CECC-4A34-9B6F-570B24384A87}"
	ProjectSection(SolutionItems) = preProject
		.editorconfig = .editorconfig
		tests\.editorconfig = tests\.editorconfig
		Directory.Build.props = Directory.Build.props
		src\Directory.Build.props = src\Directory.Build.props
		tests\Directory.Build.props = tests\Directory.Build.props
		Directory.Packages.props = Directory.Packages.props
	EndProjectSection
EndProject
Project("{2150E333-8FDC-42A3-9474-1A3956D46DE8}") = "src", "src", "{ABD3429C-C118-4D74-93C0-987AF2B5A876}"
EndProject
Project("{FAE04EC0-301F-11D3-BF4B-00C04F79EFBC}") = "Commands", "src\Commands\Commands.csproj", "{A7188853-7F40-4A11-B7A6-E39E3952B9C8}"
EndProject
Project("{FAE04EC0-301F-11D3-BF4B-00C04F79EFBC}") = "Queries", "src\Queries\Queries.csproj", "{B933832C-3765-43F3-BFC9-5479791E372B}"
EndProject
Project("{FAE04EC0-301F-11D3-BF4B-00C04F79EFBC}") = "Core", "src\Core\Core.csproj", "{0111E8C3-C6A7-4CDF-AAA7-044131A5DBCE}"
EndProject
Project("{2150E333-8FDC-42A3-9474-1A3956D46DE8}") = "tests", "tests", "{452CBFAC-4955-4651-A07C-EAB4E6A2C6A2}"
EndProject
Project("{2150E333-8FDC-42A3-9474-1A3956D46DE8}") = "unit", "unit", "{BFA54EAB-74B5-4998-A333-C6850FB66D0B}"
EndProject
Project("{2150E333-8FDC-42A3-9474-1A3956D46DE8}") = "Core", "Core", "{1C46EC53-2CE3-4ABB-A2CE-9A7593ABB60D}"
EndProject
Project("{FAE04EC0-301F-11D3-BF4B-00C04F79EFBC}") = "MappingRecorder", "tests\unit\Core\MappingRecorder\MappingRecorder.csproj", "{F12C2FDD-9308-480B-A273-3B5A8C070AF5}"
EndProject
Global
	GlobalSection(SolutionConfigurationPlatforms) = preSolution
		Debug|Any CPU = Debug|Any CPU
		Release|Any CPU = Release|Any CPU
	EndGlobalSection
	GlobalSection(ProjectConfigurationPlatforms) = postSolution
		{A7188853-7F40-4A11-B7A6-E39E3952B9C8}.Debug|Any CPU.ActiveCfg = Debug|Any CPU
		{A7188853-7F40-4A11-B7A6-E39E3952B9C8}.Debug|Any CPU.Build.0 = Debug|Any CPU
		{A7188853-7F40-4A11-B7A6-E39E3952B9C8}.Release|Any CPU.ActiveCfg = Release|Any CPU
		{A7188853-7F40-4A11-B7A6-E39E3952B9C8}.Release|Any CPU.Build.0 = Release|Any CPU
		{B933832C-3765-43F3-BFC9-5479791E372B}.Debug|Any CPU.ActiveCfg = Debug|Any CPU
		{B933832C-3765-43F3-BFC9-5479791E372B}.Debug|Any CPU.Build.0 = Debug|Any CPU
		{B933832C-3765-43F3-BFC9-5479791E372B}.Release|Any CPU.ActiveCfg = Release|Any CPU
		{B933832C-3765-43F3-BFC9-5479791E372B}.Release|Any CPU.Build.0 = Release|Any CPU
		{0111E8C3-C6A7-4CDF-AAA7-044131A5DBCE}.Debug|Any CPU.ActiveCfg = Debug|Any CPU
		{0111E8C3-C6A7-4CDF-AAA7-044131A5DBCE}.Debug|Any CPU.Build.0 = Debug|Any CPU
		{0111E8C3-C6A7-4CDF-AAA7-044131A5DBCE}.Release|Any CPU.ActiveCfg = Release|Any CPU
		{0111E8C3-C6A7-4CDF-AAA7-044131A5DBCE}.Release|Any CPU.Build.0 = Release|Any CPU
		{F12C2FDD-9308-480B-A273-3B5A8C070AF5}.Debug|Any CPU.ActiveCfg = Debug|Any CPU
		{F12C2FDD-9308-480B-A273-3B5A8C070AF5}.Debug|Any CPU.Build.0 = Debug|Any CPU
		{F12C2FDD-9308-480B-A273-3B5A8C070AF5}.Release|Any CPU.ActiveCfg = Release|Any CPU
		{F12C2FDD-9308-480B-A273-3B5A8C070AF5}.Release|Any CPU.Build.0 = Release|Any CPU
	EndGlobalSection
	GlobalSection(SolutionProperties) = preSolution
		HideSolutionNode = FALSE
	EndGlobalSection
	GlobalSection(ExtensibilityGlobals) = postSolution
		SolutionGuid = {A8BF900F-8E8F-47C1-A16F-1AE237548BDF}
	EndGlobalSection
	GlobalSection(NestedProjects) = preSolution
		{A7188853-7F40-4A11-B7A6-E39E3952B9C8} = {ABD3429C-C118-4D74-93C0-987AF2B5A876}
		{B933832C-3765-43F3-BFC9-5479791E372B} = {ABD3429C-C118-4D74-93C0-987AF2B5A876}
		{0111E8C3-C6A7-4CDF-AAA7-044131A5DBCE} = {ABD3429C-C118-4D74-93C0-987AF2B5A876}
		{BFA54EAB-74B5-4998-A333-C6850FB66D0B} = {452CBFAC-4955-4651-A07C-EAB4E6A2C6A2}
		{1C46EC53-2CE3-4ABB-A2CE-9A7593ABB60D} = {BFA54EAB-74B5-4998-A333-C6850FB66D0B}
		{F12C2FDD-9308-480B-A273-3B5A8C070AF5} = {1C46EC53-2CE3-4ABB-A2CE-9A7593ABB60D}
	EndGlobalSection
EndGlobal
