
Microsoft Visual Studio Solution File, Format Version 12.00
# Visual Studio Version 17
VisualStudioVersion = 17.0.31903.59
MinimumVisualStudioVersion = 10.0.40219.1
Project("{2150E333-8FDC-42A3-9474-1A3956D46DE8}") = "Solution Items", "Solution Items", "{93BD6F75-CECC-4A34-9B6F-570B24384A87}"
	ProjectSection(SolutionItems) = preProject
		.editorconfig = .editorconfig
		Directory.Build.props = Directory.Build.props
		src\Directory.Build.props = src\Directory.Build.props
		Directory.Packages.props = Directory.Packages.props
	EndProjectSection
EndProject
Project("{FAE04EC0-301F-11D3-BF4B-00C04F79EFBC}") = "SharpAttributeParser.Mappers.Core", "src\SharpAttributeParser.Mappers.Core\SharpAttributeParser.Mappers.Core.csproj", "{446E160B-B395-4755-AFB4-E8AFD45BAE02}"
EndProject
Project("{FAE04EC0-301F-11D3-BF4B-00C04F79EFBC}") = "SharpAttributeParser.Mappers.Abstractions", "src\SharpAttributeParser.Mappers.Abstractions\SharpAttributeParser.Mappers.Abstractions.csproj", "{BAF21DF2-230C-458A-B5A3-0B8C64519046}"
EndProject
Project("{FAE04EC0-301F-11D3-BF4B-00C04F79EFBC}") = "SharpAttributeParser.Mappers.Logging.Core", "src\SharpAttributeParser.Mappers.Logging.Core\SharpAttributeParser.Mappers.Logging.Core.csproj", "{7956FB19-98B6-4659-8DDA-54466531593B}"
EndProject
Project("{FAE04EC0-301F-11D3-BF4B-00C04F79EFBC}") = "SharpAttributeParser.Mappers.Logging.Abstractions", "src\SharpAttributeParser.Mappers.Logging.Abstractions\SharpAttributeParser.Mappers.Logging.Abstractions.csproj", "{512D3A10-A5DC-4CFF-A6FC-DB1131270386}"
EndProject
Project("{FAE04EC0-301F-11D3-BF4B-00C04F79EFBC}") = "SharpAttributeParser.Mappers.Logging", "src\SharpAttributeParser.Mappers.Logging\SharpAttributeParser.Mappers.Logging.csproj", "{7A28195A-9E10-450F-BFC6-F93E438453A7}"
EndProject
Project("{FAE04EC0-301F-11D3-BF4B-00C04F79EFBC}") = "SharpAttributeParser.Mappers", "src\SharpAttributeParser.Mappers\SharpAttributeParser.Mappers.csproj", "{C18E99AE-635D-445C-B0F6-7DC57367320D}"
EndProject
Project("{FAE04EC0-301F-11D3-BF4B-00C04F79EFBC}") = "SharpAttributeParser.Mappers.Logging.DependencyInjection", "src\SharpAttributeParser.Mappers.Logging.DependencyInjection\SharpAttributeParser.Mappers.Logging.DependencyInjection.csproj", "{7935D3AF-8DE0-4AD9-AD3B-F2DC56324CBC}"
EndProject
Project("{9A19103F-16F7-4668-BE54-9A1E7A4F7556}") = "SharpAttributeParser.Mappers.DependencyInjection", "src\SharpAttributeParser.Mappers.DependencyInjection\SharpAttributeParser.Mappers.DependencyInjection.csproj", "{2C56199A-8561-4208-9681-34E1549CEDA5}"
EndProject
Project("{FAE04EC0-301F-11D3-BF4B-00C04F79EFBC}") = "SharpAttributeParser.Mappers.UnitTests", "tests\unit\SharpAttributeParser.Mappers.UnitTests\SharpAttributeParser.Mappers.UnitTests.csproj", "{711FB400-EDEA-4280-B589-D78E05E839C3}"
EndProject
Global
	GlobalSection(SolutionConfigurationPlatforms) = preSolution
		Debug|Any CPU = Debug|Any CPU
		Release|Any CPU = Release|Any CPU
	EndGlobalSection
	GlobalSection(ProjectConfigurationPlatforms) = postSolution
		{446E160B-B395-4755-AFB4-E8AFD45BAE02}.Debug|Any CPU.ActiveCfg = Debug|Any CPU
		{446E160B-B395-4755-AFB4-E8AFD45BAE02}.Debug|Any CPU.Build.0 = Debug|Any CPU
		{446E160B-B395-4755-AFB4-E8AFD45BAE02}.Release|Any CPU.ActiveCfg = Release|Any CPU
		{446E160B-B395-4755-AFB4-E8AFD45BAE02}.Release|Any CPU.Build.0 = Release|Any CPU
		{BAF21DF2-230C-458A-B5A3-0B8C64519046}.Debug|Any CPU.ActiveCfg = Debug|Any CPU
		{BAF21DF2-230C-458A-B5A3-0B8C64519046}.Debug|Any CPU.Build.0 = Debug|Any CPU
		{BAF21DF2-230C-458A-B5A3-0B8C64519046}.Release|Any CPU.ActiveCfg = Release|Any CPU
		{BAF21DF2-230C-458A-B5A3-0B8C64519046}.Release|Any CPU.Build.0 = Release|Any CPU
		{7956FB19-98B6-4659-8DDA-54466531593B}.Debug|Any CPU.ActiveCfg = Debug|Any CPU
		{7956FB19-98B6-4659-8DDA-54466531593B}.Debug|Any CPU.Build.0 = Debug|Any CPU
		{7956FB19-98B6-4659-8DDA-54466531593B}.Release|Any CPU.ActiveCfg = Release|Any CPU
		{7956FB19-98B6-4659-8DDA-54466531593B}.Release|Any CPU.Build.0 = Release|Any CPU
		{512D3A10-A5DC-4CFF-A6FC-DB1131270386}.Debug|Any CPU.ActiveCfg = Debug|Any CPU
		{512D3A10-A5DC-4CFF-A6FC-DB1131270386}.Debug|Any CPU.Build.0 = Debug|Any CPU
		{512D3A10-A5DC-4CFF-A6FC-DB1131270386}.Release|Any CPU.ActiveCfg = Release|Any CPU
		{512D3A10-A5DC-4CFF-A6FC-DB1131270386}.Release|Any CPU.Build.0 = Release|Any CPU
		{7A28195A-9E10-450F-BFC6-F93E438453A7}.Debug|Any CPU.ActiveCfg = Debug|Any CPU
		{7A28195A-9E10-450F-BFC6-F93E438453A7}.Debug|Any CPU.Build.0 = Debug|Any CPU
		{7A28195A-9E10-450F-BFC6-F93E438453A7}.Release|Any CPU.ActiveCfg = Release|Any CPU
		{7A28195A-9E10-450F-BFC6-F93E438453A7}.Release|Any CPU.Build.0 = Release|Any CPU
		{C18E99AE-635D-445C-B0F6-7DC57367320D}.Debug|Any CPU.ActiveCfg = Debug|Any CPU
		{C18E99AE-635D-445C-B0F6-7DC57367320D}.Debug|Any CPU.Build.0 = Debug|Any CPU
		{C18E99AE-635D-445C-B0F6-7DC57367320D}.Release|Any CPU.ActiveCfg = Release|Any CPU
		{C18E99AE-635D-445C-B0F6-7DC57367320D}.Release|Any CPU.Build.0 = Release|Any CPU
		{7935D3AF-8DE0-4AD9-AD3B-F2DC56324CBC}.Debug|Any CPU.ActiveCfg = Debug|Any CPU
		{7935D3AF-8DE0-4AD9-AD3B-F2DC56324CBC}.Debug|Any CPU.Build.0 = Debug|Any CPU
		{7935D3AF-8DE0-4AD9-AD3B-F2DC56324CBC}.Release|Any CPU.ActiveCfg = Release|Any CPU
		{7935D3AF-8DE0-4AD9-AD3B-F2DC56324CBC}.Release|Any CPU.Build.0 = Release|Any CPU
		{2C56199A-8561-4208-9681-34E1549CEDA5}.Debug|Any CPU.ActiveCfg = Debug|Any CPU
		{2C56199A-8561-4208-9681-34E1549CEDA5}.Debug|Any CPU.Build.0 = Debug|Any CPU
		{2C56199A-8561-4208-9681-34E1549CEDA5}.Release|Any CPU.ActiveCfg = Release|Any CPU
		{2C56199A-8561-4208-9681-34E1549CEDA5}.Release|Any CPU.Build.0 = Release|Any CPU
		{711FB400-EDEA-4280-B589-D78E05E839C3}.Debug|Any CPU.ActiveCfg = Debug|Any CPU
		{711FB400-EDEA-4280-B589-D78E05E839C3}.Debug|Any CPU.Build.0 = Debug|Any CPU
		{711FB400-EDEA-4280-B589-D78E05E839C3}.Release|Any CPU.ActiveCfg = Release|Any CPU
		{711FB400-EDEA-4280-B589-D78E05E839C3}.Release|Any CPU.Build.0 = Release|Any CPU
	EndGlobalSection
	GlobalSection(SolutionProperties) = preSolution
		HideSolutionNode = FALSE
	EndGlobalSection
	GlobalSection(ExtensibilityGlobals) = postSolution
		SolutionGuid = {A8BF900F-8E8F-47C1-A16F-1AE237548BDF}
	EndGlobalSection
EndGlobal
